uuid: 7d1ec02a-be8b-4e9f-98ee-dc16f9d3a284
langcode: en
status: true
dependencies:
  module:
    - as_book
    - node
    - user
  theme:
    - as_theme
id: as_theme_bookreservationblock
theme: as_theme
region: sidebar_second
weight: -7
provider: null
plugin: book_reservation_block
settings:
  id: book_reservation_block
  label: 'Réserver ce livre'
  provider: as_book
  label_display: visible
visibility:
  node_type:
    id: node_type
    bundles:
      book: book
    negate: false
    context_mapping:
      node: '@node.node_route_context:node'
  user_role:
    id: user_role
    roles:
      authenticated: authenticated
    negate: false
    context_mapping:
      user: '@user.current_user_context:current_user'
